// !$*UTF8*$!
{
	archiveVersion = 1;
	classes = {
	};
	objectVersion = 50;
	objects = {

/* Begin PBXBuildFile section */
		B47879872435EB7C006E5C46 /* AppDelegate.swift in Sources */ = {isa = PBXBuildFile; fileRef = B47879862435EB7C006E5C46 /* AppDelegate.swift */; };
		B47879892435EB7C006E5C46 /* SceneDelegate.swift in Sources */ = {isa = PBXBuildFile; fileRef = B47879882435EB7C006E5C46 /* SceneDelegate.swift */; };
		B478798B2435EB7C006E5C46 /* ViewController.swift in Sources */ = {isa = PBXBuildFile; fileRef = B478798A2435EB7C006E5C46 /* ViewController.swift */; };
		B478798E2435EB7C006E5C46 /* Main.storyboard in Resources */ = {isa = PBXBuildFile; fileRef = B478798C2435EB7C006E5C46 /* Main.storyboard */; };
		B47879902435EB80006E5C46 /* Assets.xcassets in Resources */ = {isa = PBXBuildFile; fileRef = B478798F2435EB80006E5C46 /* Assets.xcassets */; };
		B47879932435EB80006E5C46 /* LaunchScreen.storyboard in Resources */ = {isa = PBXBuildFile; fileRef = B47879912435EB80006E5C46 /* LaunchScreen.storyboard */; };
		B478799B2438611E006E5C46 /* CategoryTableViewController.swift in Sources */ = {isa = PBXBuildFile; fileRef = B478799A2438611D006E5C46 /* CategoryTableViewController.swift */; };
		B478799D2438613C006E5C46 /* MenuTableViewController.swift in Sources */ = {isa = PBXBuildFile; fileRef = B478799C2438613C006E5C46 /* MenuTableViewController.swift */; };
		B478799F24386157006E5C46 /* OrderTableViewController.swift in Sources */ = {isa = PBXBuildFile; fileRef = B478799E24386157006E5C46 /* OrderTableViewController.swift */; };
		B4A6ECB8243869D2002B7A04 /* MenuItemDetailViewController.swift in Sources */ = {isa = PBXBuildFile; fileRef = B4A6ECB7243869D2002B7A04 /* MenuItemDetailViewController.swift */; };
		B4A6ECBA24386C58002B7A04 /* MeduItem.swift in Sources */ = {isa = PBXBuildFile; fileRef = B4A6ECB924386C58002B7A04 /* MeduItem.swift */; };
		B4A6ECBC24386DA6002B7A04 /* MenuController.swift in Sources */ = {isa = PBXBuildFile; fileRef = B4A6ECBB24386DA6002B7A04 /* MenuController.swift */; };
		B4A6ECBE243ACA58002B7A04 /* OrderConfirmationViewController.swift in Sources */ = {isa = PBXBuildFile; fileRef = B4A6ECBD243ACA58002B7A04 /* OrderConfirmationViewController.swift */; };
/* End PBXBuildFile section */

/* Begin PBXFileReference section */
		B47879832435EB7C006E5C46 /* Last mPex.app */ = {isa = PBXFileReference; explicitFileType = wrapper.application; includeInIndex = 0; path = "Last mPex.app"; sourceTree = BUILT_PRODUCTS_DIR; };
		B47879862435EB7C006E5C46 /* AppDelegate.swift */ = {isa = PBXFileReference; lastKnownFileType = sourcecode.swift; path = AppDelegate.swift; sourceTree = "<group>"; };
		B47879882435EB7C006E5C46 /* SceneDelegate.swift */ = {isa = PBXFileReference; lastKnownFileType = sourcecode.swift; path = SceneDelegate.swift; sourceTree = "<group>"; };
		B478798A2435EB7C006E5C46 /* ViewController.swift */ = {isa = PBXFileReference; lastKnownFileType = sourcecode.swift; path = ViewController.swift; sourceTree = "<group>"; };
		B478798D2435EB7C006E5C46 /* Base */ = {isa = PBXFileReference; lastKnownFileType = file.storyboard; name = Base; path = Base.lproj/Main.storyboard; sourceTree = "<group>"; };
		B478798F2435EB80006E5C46 /* Assets.xcassets */ = {isa = PBXFileReference; lastKnownFileType = folder.assetcatalog; path = Assets.xcassets; sourceTree = "<group>"; };
		B47879922435EB80006E5C46 /* Base */ = {isa = PBXFileReference; lastKnownFileType = file.storyboard; name = Base; path = Base.lproj/LaunchScreen.storyboard; sourceTree = "<group>"; };
		B47879942435EB80006E5C46 /* Info.plist */ = {isa = PBXFileReference; lastKnownFileType = text.plist.xml; path = Info.plist; sourceTree = "<group>"; };
		B478799A2438611D006E5C46 /* CategoryTableViewController.swift */ = {isa = PBXFileReference; lastKnownFileType = sourcecode.swift; path = CategoryTableViewController.swift; sourceTree = "<group>"; };
		B478799C2438613C006E5C46 /* MenuTableViewController.swift */ = {isa = PBXFileReference; lastKnownFileType = sourcecode.swift; path = MenuTableViewController.swift; sourceTree = "<group>"; };
		B478799E24386157006E5C46 /* OrderTableViewController.swift */ = {isa = PBXFileReference; lastKnownFileType = sourcecode.swift; path = OrderTableViewController.swift; sourceTree = "<group>"; };
		B4A6ECB7243869D2002B7A04 /* MenuItemDetailViewController.swift */ = {isa = PBXFileReference; lastKnownFileType = sourcecode.swift; path = MenuItemDetailViewController.swift; sourceTree = "<group>"; };
		B4A6ECB924386C58002B7A04 /* MeduItem.swift */ = {isa = PBXFileReference; lastKnownFileType = sourcecode.swift; path = MeduItem.swift; sourceTree = "<group>"; };
		B4A6ECBB24386DA6002B7A04 /* MenuController.swift */ = {isa = PBXFileReference; lastKnownFileType = sourcecode.swift; path = MenuController.swift; sourceTree = "<group>"; };
		B4A6ECBD243ACA58002B7A04 /* OrderConfirmationViewController.swift */ = {isa = PBXFileReference; lastKnownFileType = sourcecode.swift; path = OrderConfirmationViewController.swift; sourceTree = "<group>"; };
/* End PBXFileReference section */

/* Begin PBXFrameworksBuildPhase section */
		B47879802435EB7C006E5C46 /* Frameworks */ = {
			isa = PBXFrameworksBuildPhase;
			buildActionMask = 2147483647;
			files = (
			);
			runOnlyForDeploymentPostprocessing = 0;
		};
/* End PBXFrameworksBuildPhase section */

/* Begin PBXGroup section */
		B478797A2435EB7C006E5C46 = {
			isa = PBXGroup;
			children = (
				B47879852435EB7C006E5C46 /* Last mPex */,
				B47879842435EB7C006E5C46 /* Products */,
			);
			sourceTree = "<group>";
		};
		B47879842435EB7C006E5C46 /* Products */ = {
			isa = PBXGroup;
			children = (
				B47879832435EB7C006E5C46 /* Last mPex.app */,
			);
			name = Products;
			sourceTree = "<group>";
		};
		B47879852435EB7C006E5C46 /* Last mPex */ = {
			isa = PBXGroup;
			children = (
				B47879862435EB7C006E5C46 /* AppDelegate.swift */,
				B4A6ECBD243ACA58002B7A04 /* OrderConfirmationViewController.swift */,
				B47879882435EB7C006E5C46 /* SceneDelegate.swift */,
				B478798A2435EB7C006E5C46 /* ViewController.swift */,
				B478798C2435EB7C006E5C46 /* Main.storyboard */,
				B4A6ECB924386C58002B7A04 /* MeduItem.swift */,
				B4A6ECBB24386DA6002B7A04 /* MenuController.swift */,
				B4A6ECB7243869D2002B7A04 /* MenuItemDetailViewController.swift */,
				B478799A2438611D006E5C46 /* CategoryTableViewController.swift */,
				B478799C2438613C006E5C46 /* MenuTableViewController.swift */,
				B478799E24386157006E5C46 /* OrderTableViewController.swift */,
				B478798F2435EB80006E5C46 /* Assets.xcassets */,
				B47879912435EB80006E5C46 /* LaunchScreen.storyboard */,
				B47879942435EB80006E5C46 /* Info.plist */,
			);
			path = "Last mPex";
			sourceTree = "<group>";
		};
/* End PBXGroup section */

/* Begin PBXNativeTarget section */
		B47879822435EB7C006E5C46 /* Last mPex */ = {
			isa = PBXNativeTarget;
			buildConfigurationList = B47879972435EB80006E5C46 /* Build configuration list for PBXNativeTarget "Last mPex" */;
			buildPhases = (
				B478797F2435EB7C006E5C46 /* Sources */,
				B47879802435EB7C006E5C46 /* Frameworks */,
				B47879812435EB7C006E5C46 /* Resources */,
			);
			buildRules = (
			);
			dependencies = (
			);
			name = "Last mPex";
			productName = "Last mPex";
			productReference = B47879832435EB7C006E5C46 /* Last mPex.app */;
			productType = "com.apple.product-type.application";
		};
/* End PBXNativeTarget section */

/* Begin PBXProject section */
		B478797B2435EB7C006E5C46 /* Project object */ = {
			isa = PBXProject;
			attributes = {
				LastSwiftUpdateCheck = 1140;
				LastUpgradeCheck = 1140;
				ORGANIZATIONNAME = "Anthony Giaimo";
				TargetAttributes = {
					B47879822435EB7C006E5C46 = {
						CreatedOnToolsVersion = 11.4;
					};
				};
			};
			buildConfigurationList = B478797E2435EB7C006E5C46 /* Build configuration list for PBXProject "Last mPex" */;
			compatibilityVersion = "Xcode 9.3";
			developmentRegion = en;
			hasScannedForEncodings = 0;
			knownRegions = (
				en,
				Base,
			);
			mainGroup = B478797A2435EB7C006E5C46;
			productRefGroup = B47879842435EB7C006E5C46 /* Products */;
			projectDirPath = "";
			projectRoot = "";
			targets = (
				B47879822435EB7C006E5C46 /* Last mPex */,
			);
		};
/* End PBXProject section */

/* Begin PBXResourcesBuildPhase section */
		B47879812435EB7C006E5C46 /* Resources */ = {
			isa = PBXResourcesBuildPhase;
			buildActionMask = 2147483647;
			files = (
				B47879932435EB80006E5C46 /* LaunchScreen.storyboard in Resources */,
				B47879902435EB80006E5C46 /* Assets.xcassets in Resources */,
				B478798E2435EB7C006E5C46 /* Main.storyboard in Resources */,
			);
			runOnlyForDeploymentPostprocessing = 0;
		};
/* End PBXResourcesBuildPhase section */

/* Begin PBXSourcesBuildPhase section */
		B478797F2435EB7C006E5C46 /* Sources */ = {
			isa = PBXSourcesBuildPhase;
			buildActionMask = 2147483647;
			files = (
				B4A6ECBE243ACA58002B7A04 /* OrderConfirmationViewController.swift in Sources */,
				B478798B2435EB7C006E5C46 /* ViewController.swift in Sources */,
				B4A6ECBC24386DA6002B7A04 /* MenuController.swift in Sources */,
				B47879872435EB7C006E5C46 /* AppDelegate.swift in Sources */,
				B478799D2438613C006E5C46 /* MenuTableViewController.swift in Sources */,
				B4A6ECBA24386C58002B7A04 /* MeduItem.swift in Sources */,
				B4A6ECB8243869D2002B7A04 /* MenuItemDetailViewController.swift in Sources */,
				B47879892435EB7C006E5C46 /* SceneDelegate.swift in Sources */,
				B478799F24386157006E5C46 /* OrderTableViewController.swift in Sources */,
				B478799B2438611E006E5C46 /* CategoryTableViewController.swift in Sources */,
			);
			runOnlyForDeploymentPostprocessing = 0;
		};
/* End PBXSourcesBuildPhase section */

/* Begin PBXVariantGroup section */
		B478798C2435EB7C006E5C46 /* Main.storyboard */ = {
			isa = PBXVariantGroup;
			children = (
				B478798D2435EB7C006E5C46 /* Base */,
			);
			name = Main.storyboard;
			sourceTree = "<group>";
		};
		B47879912435EB80006E5C46 /* LaunchScreen.storyboard */ = {
			isa = PBXVariantGroup;
			children = (
				B47879922435EB80006E5C46 /* Base */,
			);
			name = LaunchScreen.storyboard;
			sourceTree = "<group>";
		};
/* End PBXVariantGroup section */

/* Begin XCBuildConfiguration section */
		B47879952435EB80006E5C46 /* Debug */ = {
			isa = XCBuildConfiguration;
			buildSettings = {
				ALWAYS_SEARCH_USER_PATHS = NO;
				CLANG_ANALYZER_NONNULL = YES;
				CLANG_ANALYZER_NUMBER_OBJECT_CONVERSION = YES_AGGRESSIVE;
				CLANG_CXX_LANGUAGE_STANDARD = "gnu++14";
				CLANG_CXX_LIBRARY = "libc++";
				CLANG_ENABLE_MODULES = YES;
				CLANG_ENABLE_OBJC_ARC = YES;
				CLANG_ENABLE_OBJC_WEAK = YES;
				CLANG_WARN_BLOCK_CAPTURE_AUTORELEASING = YES;
				CLANG_WARN_BOOL_CONVERSION = YES;
				CLANG_WARN_COMMA = YES;
				CLANG_WARN_CONSTANT_CONVERSION = YES;
				CLANG_WARN_DEPRECATED_OBJC_IMPLEMENTATIONS = YES;
				CLANG_WARN_DIRECT_OBJC_ISA_USAGE = YES_ERROR;
				CLANG_WARN_DOCUMENTATION_COMMENTS = YES;
				CLANG_WARN_EMPTY_BODY = YES;
				CLANG_WARN_ENUM_CONVERSION = YES;
				CLANG_WARN_INFINITE_RECURSION = YES;
				CLANG_WARN_INT_CONVERSION = YES;
				CLANG_WARN_NON_LITERAL_NULL_CONVERSION = YES;
				CLANG_WARN_OBJC_IMPLICIT_RETAIN_SELF = YES;
				CLANG_WARN_OBJC_LITERAL_CONVERSION = YES;
				CLANG_WARN_OBJC_ROOT_CLASS = YES_ERROR;
				CLANG_WARN_RANGE_LOOP_ANALYSIS = YES;
				CLANG_WARN_STRICT_PROTOTYPES = YES;
				CLANG_WARN_SUSPICIOUS_MOVE = YES;
				CLANG_WARN_UNGUARDED_AVAILABILITY = YES_AGGRESSIVE;
				CLANG_WARN_UNREACHABLE_CODE = YES;
				CLANG_WARN__DUPLICATE_METHOD_MATCH = YES;
				COPY_PHASE_STRIP = NO;
				DEBUG_INFORMATION_FORMAT = dwarf;
				ENABLE_STRICT_OBJC_MSGSEND = YES;
				ENABLE_TESTABILITY = YES;
				GCC_C_LANGUAGE_STANDARD = gnu11;
				GCC_DYNAMIC_NO_PIC = NO;
				GCC_NO_COMMON_BLOCKS = YES;
				GCC_OPTIMIZATION_LEVEL = 0;
				GCC_PREPROCESSOR_DEFINITIONS = (
					"DEBUG=1",
					"$(inherited)",
				);
				GCC_WARN_64_TO_32_BIT_CONVERSION = YES;
				GCC_WARN_ABOUT_RETURN_TYPE = YES_ERROR;
				GCC_WARN_UNDECLARED_SELECTOR = YES;
				GCC_WARN_UNINITIALIZED_AUTOS = YES_AGGRESSIVE;
				GCC_WARN_UNUSED_FUNCTION = YES;
				GCC_WARN_UNUSED_VARIABLE = YES;
				IPHONEOS_DEPLOYMENT_TARGET = 13.4;
				MTL_ENABLE_DEBUG_INFO = INCLUDE_SOURCE;
				MTL_FAST_MATH = YES;
				ONLY_ACTIVE_ARCH = YES;
				SDKROOT = iphoneos;
				SWIFT_ACTIVE_COMPILATION_CONDITIONS = DEBUG;
				SWIFT_OPTIMIZATION_LEVEL = "-Onone";
			};
			name = Debug;
		};
		B47879962435EB80006E5C46 /* Release */ = {
			isa = XCBuildConfiguration;
			buildSettings = {
				ALWAYS_SEARCH_USER_PATHS = NO;
				CLANG_ANALYZER_NONNULL = YES;
				CLANG_ANALYZER_NUMBER_OBJECT_CONVERSION = YES_AGGRESSIVE;
				CLANG_CXX_LANGUAGE_STANDARD = "gnu++14";
				CLANG_CXX_LIBRARY = "libc++";
				CLANG_ENABLE_MODULES = YES;
				CLANG_ENABLE_OBJC_ARC = YES;
				CLANG_ENABLE_OBJC_WEAK = YES;
				CLANG_WARN_BLOCK_CAPTURE_AUTORELEASING = YES;
				CLANG_WARN_BOOL_CONVERSION = YES;
				CLANG_WARN_COMMA = YES;
				CLANG_WARN_CONSTANT_CONVERSION = YES;
				CLANG_WARN_DEPRECATED_OBJC_IMPLEMENTATIONS = YES;
				CLANG_WARN_DIRECT_OBJC_ISA_USAGE = YES_ERROR;
				CLANG_WARN_DOCUMENTATION_COMMENTS = YES;
				CLANG_WARN_EMPTY_BODY = YES;
				CLANG_WARN_ENUM_CONVERSION = YES;
				CLANG_WARN_INFINITE_RECURSION = YES;
				CLANG_WARN_INT_CONVERSION = YES;
				CLANG_WARN_NON_LITERAL_NULL_CONVERSION = YES;
				CLANG_WARN_OBJC_IMPLICIT_RETAIN_SELF = YES;
				CLANG_WARN_OBJC_LITERAL_CONVERSION = YES;
				CLANG_WARN_OBJC_ROOT_CLASS = YES_ERROR;
				CLANG_WARN_RANGE_LOOP_ANALYSIS = YES;
				CLANG_WARN_STRICT_PROTOTYPES = YES;
				CLANG_WARN_SUSPICIOUS_MOVE = YES;
				CLANG_WARN_UNGUARDED_AVAILABILITY = YES_AGGRESSIVE;
				CLANG_WARN_UNREACHABLE_CODE = YES;
				CLANG_WARN__DUPLICATE_METHOD_MATCH = YES;
				COPY_PHASE_STRIP = NO;
				DEBUG_INFORMATION_FORMAT = "dwarf-with-dsym";
				ENABLE_NS_ASSERTIONS = NO;
				ENABLE_STRICT_OBJC_MSGSEND = YES;
				GCC_C_LANGUAGE_STANDARD = gnu11;
				GCC_NO_COMMON_BLOCKS = YES;
				GCC_WARN_64_TO_32_BIT_CONVERSION = YES;
				GCC_WARN_ABOUT_RETURN_TYPE = YES_ERROR;
				GCC_WARN_UNDECLARED_SELECTOR = YES;
				GCC_WARN_UNINITIALIZED_AUTOS = YES_AGGRESSIVE;
				GCC_WARN_UNUSED_FUNCTION = YES;
				GCC_WARN_UNUSED_VARIABLE = YES;
				IPHONEOS_DEPLOYMENT_TARGET = 13.4;
				MTL_ENABLE_DEBUG_INFO = NO;
				MTL_FAST_MATH = YES;
				SDKROOT = iphoneos;
				SWIFT_COMPILATION_MODE = wholemodule;
				SWIFT_OPTIMIZATION_LEVEL = "-O";
				VALIDATE_PRODUCT = YES;
			};
			name = Release;
		};
		B47879982435EB80006E5C46 /* Debug */ = {
			isa = XCBuildConfiguration;
			buildSettings = {
				ASSETCATALOG_COMPILER_APPICON_NAME = AppIcon;
				CODE_SIGN_STYLE = Automatic;
				DEVELOPMENT_TEAM = 7FDNNDBZAV;
				INFOPLIST_FILE = "Last mPex/Info.plist";
				LD_RUNPATH_SEARCH_PATHS = (
					"$(inherited)",
					"@executable_path/Frameworks",
				);
				PRODUCT_BUNDLE_IDENTIFIER = "cs385.Last-mPex";
				PRODUCT_NAME = "$(TARGET_NAME)";
				SWIFT_VERSION = 5.0;
				TARGETED_DEVICE_FAMILY = "1,2";
			};
			name = Debug;
		};
		B47879992435EB80006E5C46 /* Release */ = {
			isa = XCBuildConfiguration;
			buildSettings = {
				ASSETCATALOG_COMPILER_APPICON_NAME = AppIcon;
				CODE_SIGN_STYLE = Automatic;
				DEVELOPMENT_TEAM = 7FDNNDBZAV;
				INFOPLIST_FILE = "Last mPex/Info.plist";
				LD_RUNPATH_SEARCH_PATHS = (
					"$(inherited)",
					"@executable_path/Frameworks",
				);
				PRODUCT_BUNDLE_IDENTIFIER = "cs385.Last-mPex";
				PRODUCT_NAME = "$(TARGET_NAME)";
				SWIFT_VERSION = 5.0;
				TARGETED_DEVICE_FAMILY = "1,2";
			};
			name = Release;
		};
/* End XCBuildConfiguration section */

/* Begin XCConfigurationList section */
		B478797E2435EB7C006E5C46 /* Build configuration list for PBXProject "Last mPex" */ = {
			isa = XCConfigurationList;
			buildConfigurations = (
				B47879952435EB80006E5C46 /* Debug */,
				B47879962435EB80006E5C46 /* Release */,
			);
			defaultConfigurationIsVisible = 0;
			defaultConfigurationName = Release;
		};
		B47879972435EB80006E5C46 /* Build configuration list for PBXNativeTarget "Last mPex" */ = {
			isa = XCConfigurationList;
			buildConfigurations = (
				B47879982435EB80006E5C46 /* Debug */,
				B47879992435EB80006E5C46 /* Release */,
			);
			defaultConfigurationIsVisible = 0;
			defaultConfigurationName = Release;
		};
/* End XCConfigurationList section */
	};
	rootObject = B478797B2435EB7C006E5C46 /* Project object */;
}
